
Microsoft Visual Studio Solution File, Format Version 12.00
# Visual Studio Version 17
VisualStudioVersion = 17.3.32825.248
MinimumVisualStudioVersion = 10.0.40219.1
Project("{9A19103F-16F7-4668-BE54-9A1E7A4F7556}") = "BusinessLogicLayer", "BusinessLogicLayer\BusinessLogicLayer.csproj", "{DD194265-2C0F-4F4B-A340-C7A1A2135692}"
EndProject
Project("{9A19103F-16F7-4668-BE54-9A1E7A4F7556}") = "DataAccessLayer", "DataAccessLayer\DataAccessLayer.csproj", "{5803D9E5-A631-4B1C-A686-5FD531838418}"
EndProject
Project("{9A19103F-16F7-4668-BE54-9A1E7A4F7556}") = "DataModel", "DataModel\DataModel.csproj", "{4C910A49-3171-4DBF-81C1-8CCA09D548D8}"
EndProject
Project("{9A19103F-16F7-4668-BE54-9A1E7A4F7556}") = "API.ban-hoa", "API.ban-hoa\API.ban-hoa.csproj", "{D4764BE2-9858-4242-8622-86D610A63E70}"
EndProject
Project("{FAE04EC0-301F-11D3-BF4B-00C04F79EFBC}") = "API.Users", "API.Users\API.Users.csproj", "{CEBF0A05-C7B4-49ED-B073-69622460309C}"
EndProject
Global
	GlobalSection(SolutionConfigurationPlatforms) = preSolution
		Debug|Any CPU = Debug|Any CPU
		Release|Any CPU = Release|Any CPU
	EndGlobalSection
	GlobalSection(ProjectConfigurationPlatforms) = postSolution
		{DD194265-2C0F-4F4B-A340-C7A1A2135692}.Debug|Any CPU.ActiveCfg = Debug|Any CPU
		{DD194265-2C0F-4F4B-A340-C7A1A2135692}.Debug|Any CPU.Build.0 = Debug|Any CPU
		{DD194265-2C0F-4F4B-A340-C7A1A2135692}.Release|Any CPU.ActiveCfg = Release|Any CPU
		{DD194265-2C0F-4F4B-A340-C7A1A2135692}.Release|Any CPU.Build.0 = Release|Any CPU
		{5803D9E5-A631-4B1C-A686-5FD531838418}.Debug|Any CPU.ActiveCfg = Debug|Any CPU
		{5803D9E5-A631-4B1C-A686-5FD531838418}.Debug|Any CPU.Build.0 = Debug|Any CPU
		{5803D9E5-A631-4B1C-A686-5FD531838418}.Release|Any CPU.ActiveCfg = Release|Any CPU
		{5803D9E5-A631-4B1C-A686-5FD531838418}.Release|Any CPU.Build.0 = Release|Any CPU
		{4C910A49-3171-4DBF-81C1-8CCA09D548D8}.Debug|Any CPU.ActiveCfg = Debug|Any CPU
		{4C910A49-3171-4DBF-81C1-8CCA09D548D8}.Debug|Any CPU.Build.0 = Debug|Any CPU
		{4C910A49-3171-4DBF-81C1-8CCA09D548D8}.Release|Any CPU.ActiveCfg = Release|Any CPU
		{4C910A49-3171-4DBF-81C1-8CCA09D548D8}.Release|Any CPU.Build.0 = Release|Any CPU
		{D4764BE2-9858-4242-8622-86D610A63E70}.Debug|Any CPU.ActiveCfg = Debug|Any CPU
		{D4764BE2-9858-4242-8622-86D610A63E70}.Debug|Any CPU.Build.0 = Debug|Any CPU
		{D4764BE2-9858-4242-8622-86D610A63E70}.Release|Any CPU.ActiveCfg = Release|Any CPU
		{D4764BE2-9858-4242-8622-86D610A63E70}.Release|Any CPU.Build.0 = Release|Any CPU
		{CEBF0A05-C7B4-49ED-B073-69622460309C}.Debug|Any CPU.ActiveCfg = Debug|Any CPU
		{CEBF0A05-C7B4-49ED-B073-69622460309C}.Debug|Any CPU.Build.0 = Debug|Any CPU
		{CEBF0A05-C7B4-49ED-B073-69622460309C}.Release|Any CPU.ActiveCfg = Release|Any CPU
		{CEBF0A05-C7B4-49ED-B073-69622460309C}.Release|Any CPU.Build.0 = Release|Any CPU
	EndGlobalSection
	GlobalSection(SolutionProperties) = preSolution
		HideSolutionNode = FALSE
	EndGlobalSection
	GlobalSection(ExtensibilityGlobals) = postSolution
		SolutionGuid = {A922977A-61F3-4162-8629-CF800A64A90A}
	EndGlobalSection
EndGlobal
